// !$*UTF8*$!
{
	archiveVersion = 1;
	classes = {
	};
	objectVersion = 56;
	objects = {

/* Begin PBXBuildFile section */
		1E2832BD2A6428BF00710248 /* apternityApp.swift in Sources */ = {isa = PBXBuildFile; fileRef = 1E2832BC2A6428BF00710248 /* apternityApp.swift */; };
		1E2832BF2A6428BF00710248 /* ContentView.swift in Sources */ = {isa = PBXBuildFile; fileRef = 1E2832BE2A6428BF00710248 /* ContentView.swift */; };
		1E2832C12A6428BF00710248 /* Assets.xcassets in Resources */ = {isa = PBXBuildFile; fileRef = 1E2832C02A6428BF00710248 /* Assets.xcassets */; };
		1E2832C42A6428BF00710248 /* Preview Assets.xcassets in Resources */ = {isa = PBXBuildFile; fileRef = 1E2832C32A6428BF00710248 /* Preview Assets.xcassets */; };
		1E2832C62A6428BF00710248 /* Persistence.swift in Sources */ = {isa = PBXBuildFile; fileRef = 1E2832C52A6428BF00710248 /* Persistence.swift */; };
		1E2832C92A6428BF00710248 /* apternity.xcdatamodeld in Sources */ = {isa = PBXBuildFile; fileRef = 1E2832C72A6428BF00710248 /* apternity.xcdatamodeld */; };
		1E2832D32A6428BF00710248 /* apternityTests.swift in Sources */ = {isa = PBXBuildFile; fileRef = 1E2832D22A6428BF00710248 /* apternityTests.swift */; };
		1E2832DD2A6428BF00710248 /* apternityUITests.swift in Sources */ = {isa = PBXBuildFile; fileRef = 1E2832DC2A6428BF00710248 /* apternityUITests.swift */; };
		1E2832DF2A6428BF00710248 /* apternityUITestsLaunchTests.swift in Sources */ = {isa = PBXBuildFile; fileRef = 1E2832DE2A6428BF00710248 /* apternityUITestsLaunchTests.swift */; };
/* End PBXBuildFile section */

/* Begin PBXContainerItemProxy section */
		1E2832CF2A6428BF00710248 /* PBXContainerItemProxy */ = {
			isa = PBXContainerItemProxy;
			containerPortal = 1E2832B12A6428BE00710248 /* Project object */;
			proxyType = 1;
			remoteGlobalIDString = 1E2832B82A6428BF00710248;
			remoteInfo = apternity;
		};
		1E2832D92A6428BF00710248 /* PBXContainerItemProxy */ = {
			isa = PBXContainerItemProxy;
			containerPortal = 1E2832B12A6428BE00710248 /* Project object */;
			proxyType = 1;
			remoteGlobalIDString = 1E2832B82A6428BF00710248;
			remoteInfo = apternity;
		};
/* End PBXContainerItemProxy section */

/* Begin PBXFileReference section */
		1E2832B92A6428BF00710248 /* apternity.app */ = {isa = PBXFileReference; explicitFileType = wrapper.application; includeInIndex = 0; path = apternity.app; sourceTree = BUILT_PRODUCTS_DIR; };
		1E2832BC2A6428BF00710248 /* apternityApp.swift */ = {isa = PBXFileReference; lastKnownFileType = sourcecode.swift; path = apternityApp.swift; sourceTree = "<group>"; };
		1E2832BE2A6428BF00710248 /* ContentView.swift */ = {isa = PBXFileReference; lastKnownFileType = sourcecode.swift; path = ContentView.swift; sourceTree = "<group>"; };
		1E2832C02A6428BF00710248 /* Assets.xcassets */ = {isa = PBXFileReference; lastKnownFileType = folder.assetcatalog; path = Assets.xcassets; sourceTree = "<group>"; };
		1E2832C32A6428BF00710248 /* Preview Assets.xcassets */ = {isa = PBXFileReference; lastKnownFileType = folder.assetcatalog; path = "Preview Assets.xcassets"; sourceTree = "<group>"; };
		1E2832C52A6428BF00710248 /* Persistence.swift */ = {isa = PBXFileReference; lastKnownFileType = sourcecode.swift; path = Persistence.swift; sourceTree = "<group>"; };
		1E2832C82A6428BF00710248 /* apternity.xcdatamodel */ = {isa = PBXFileReference; lastKnownFileType = wrapper.xcdatamodel; path = apternity.xcdatamodel; sourceTree = "<group>"; };
		1E2832CE2A6428BF00710248 /* apternityTests.xctest */ = {isa = PBXFileReference; explicitFileType = wrapper.cfbundle; includeInIndex = 0; path = apternityTests.xctest; sourceTree = BUILT_PRODUCTS_DIR; };
		1E2832D22A6428BF00710248 /* apternityTests.swift */ = {isa = PBXFileReference; lastKnownFileType = sourcecode.swift; path = apternityTests.swift; sourceTree = "<group>"; };
		1E2832D82A6428BF00710248 /* apternityUITests.xctest */ = {isa = PBXFileReference; explicitFileType = wrapper.cfbundle; includeInIndex = 0; path = apternityUITests.xctest; sourceTree = BUILT_PRODUCTS_DIR; };
		1E2832DC2A6428BF00710248 /* apternityUITests.swift */ = {isa = PBXFileReference; lastKnownFileType = sourcecode.swift; path = apternityUITests.swift; sourceTree = "<group>"; };
		1E2832DE2A6428BF00710248 /* apternityUITestsLaunchTests.swift */ = {isa = PBXFileReference; lastKnownFileType = sourcecode.swift; path = apternityUITestsLaunchTests.swift; sourceTree = "<group>"; };
/* End PBXFileReference section */

/* Begin PBXFrameworksBuildPhase section */
		1E2832B62A6428BF00710248 /* Frameworks */ = {
			isa = PBXFrameworksBuildPhase;
			buildActionMask = 2147483647;
			files = (
			);
			runOnlyForDeploymentPostprocessing = 0;
		};
		1E2832CB2A6428BF00710248 /* Frameworks */ = {
			isa = PBXFrameworksBuildPhase;
			buildActionMask = 2147483647;
			files = (
			);
			runOnlyForDeploymentPostprocessing = 0;
		};
		1E2832D52A6428BF00710248 /* Frameworks */ = {
			isa = PBXFrameworksBuildPhase;
			buildActionMask = 2147483647;
			files = (
			);
			runOnlyForDeploymentPostprocessing = 0;
		};
/* End PBXFrameworksBuildPhase section */

/* Begin PBXGroup section */
		1E2832B02A6428BE00710248 = {
			isa = PBXGroup;
			children = (
				1E2832BB2A6428BF00710248 /* apternity */,
				1E2832D12A6428BF00710248 /* apternityTests */,
				1E2832DB2A6428BF00710248 /* apternityUITests */,
				1E2832BA2A6428BF00710248 /* Products */,
			);
			sourceTree = "<group>";
		};
		1E2832BA2A6428BF00710248 /* Products */ = {
			isa = PBXGroup;
			children = (
				1E2832B92A6428BF00710248 /* apternity.app */,
				1E2832CE2A6428BF00710248 /* apternityTests.xctest */,
				1E2832D82A6428BF00710248 /* apternityUITests.xctest */,
			);
			name = Products;
			sourceTree = "<group>";
		};
		1E2832BB2A6428BF00710248 /* apternity */ = {
			isa = PBXGroup;
			children = (
				1E2832BC2A6428BF00710248 /* apternityApp.swift */,
				1E2832BE2A6428BF00710248 /* ContentView.swift */,
				1E2832C02A6428BF00710248 /* Assets.xcassets */,
				1E2832C52A6428BF00710248 /* Persistence.swift */,
				1E2832C72A6428BF00710248 /* apternity.xcdatamodeld */,
				1E2832C22A6428BF00710248 /* Preview Content */,
			);
			path = apternity;
			sourceTree = "<group>";
		};
		1E2832C22A6428BF00710248 /* Preview Content */ = {
			isa = PBXGroup;
			children = (
				1E2832C32A6428BF00710248 /* Preview Assets.xcassets */,
			);
			path = "Preview Content";
			sourceTree = "<group>";
		};
		1E2832D12A6428BF00710248 /* apternityTests */ = {
			isa = PBXGroup;
			children = (
				1E2832D22A6428BF00710248 /* apternityTests.swift */,
			);
			path = apternityTests;
			sourceTree = "<group>";
		};
		1E2832DB2A6428BF00710248 /* apternityUITests */ = {
			isa = PBXGroup;
			children = (
				1E2832DC2A6428BF00710248 /* apternityUITests.swift */,
				1E2832DE2A6428BF00710248 /* apternityUITestsLaunchTests.swift */,
			);
			path = apternityUITests;
			sourceTree = "<group>";
		};
/* End PBXGroup section */

/* Begin PBXNativeTarget section */
		1E2832B82A6428BF00710248 /* apternity */ = {
			isa = PBXNativeTarget;
			buildConfigurationList = 1E2832E22A6428BF00710248 /* Build configuration list for PBXNativeTarget "apternity" */;
			buildPhases = (
				1E2832B52A6428BF00710248 /* Sources */,
				1E2832B62A6428BF00710248 /* Frameworks */,
				1E2832B72A6428BF00710248 /* Resources */,
			);
			buildRules = (
			);
			dependencies = (
			);
			name = apternity;
			productName = apternity;
			productReference = 1E2832B92A6428BF00710248 /* apternity.app */;
			productType = "com.apple.product-type.application";
		};
		1E2832CD2A6428BF00710248 /* apternityTests */ = {
			isa = PBXNativeTarget;
			buildConfigurationList = 1E2832E52A6428BF00710248 /* Build configuration list for PBXNativeTarget "apternityTests" */;
			buildPhases = (
				1E2832CA2A6428BF00710248 /* Sources */,
				1E2832CB2A6428BF00710248 /* Frameworks */,
				1E2832CC2A6428BF00710248 /* Resources */,
			);
			buildRules = (
			);
			dependencies = (
				1E2832D02A6428BF00710248 /* PBXTargetDependency */,
			);
			name = apternityTests;
			productName = apternityTests;
			productReference = 1E2832CE2A6428BF00710248 /* apternityTests.xctest */;
			productType = "com.apple.product-type.bundle.unit-test";
		};
		1E2832D72A6428BF00710248 /* apternityUITests */ = {
			isa = PBXNativeTarget;
			buildConfigurationList = 1E2832E82A6428BF00710248 /* Build configuration list for PBXNativeTarget "apternityUITests" */;
			buildPhases = (
				1E2832D42A6428BF00710248 /* Sources */,
				1E2832D52A6428BF00710248 /* Frameworks */,
				1E2832D62A6428BF00710248 /* Resources */,
			);
			buildRules = (
			);
			dependencies = (
				1E2832DA2A6428BF00710248 /* PBXTargetDependency */,
			);
			name = apternityUITests;
			productName = apternityUITests;
			productReference = 1E2832D82A6428BF00710248 /* apternityUITests.xctest */;
			productType = "com.apple.product-type.bundle.ui-testing";
		};
/* End PBXNativeTarget section */

/* Begin PBXProject section */
		1E2832B12A6428BE00710248 /* Project object */ = {
			isa = PBXProject;
			attributes = {
				BuildIndependentTargetsInParallel = 1;
				LastSwiftUpdateCheck = 1420;
				LastUpgradeCheck = 1420;
				TargetAttributes = {
					1E2832B82A6428BF00710248 = {
						CreatedOnToolsVersion = 14.2;
					};
					1E2832CD2A6428BF00710248 = {
						CreatedOnToolsVersion = 14.2;
						TestTargetID = 1E2832B82A6428BF00710248;
					};
					1E2832D72A6428BF00710248 = {
						CreatedOnToolsVersion = 14.2;
						TestTargetID = 1E2832B82A6428BF00710248;
					};
				};
			};
			buildConfigurationList = 1E2832B42A6428BE00710248 /* Build configuration list for PBXProject "apternity" */;
			compatibilityVersion = "Xcode 14.0";
			developmentRegion = en;
			hasScannedForEncodings = 0;
			knownRegions = (
				en,
				Base,
			);
			mainGroup = 1E2832B02A6428BE00710248;
			productRefGroup = 1E2832BA2A6428BF00710248 /* Products */;
			projectDirPath = "";
			projectRoot = "";
			targets = (
				1E2832B82A6428BF00710248 /* apternity */,
				1E2832CD2A6428BF00710248 /* apternityTests */,
				1E2832D72A6428BF00710248 /* apternityUITests */,
			);
		};
/* End PBXProject section */

/* Begin PBXResourcesBuildPhase section */
		1E2832B72A6428BF00710248 /* Resources */ = {
			isa = PBXResourcesBuildPhase;
			buildActionMask = 2147483647;
			files = (
				1E2832C42A6428BF00710248 /* Preview Assets.xcassets in Resources */,
				1E2832C12A6428BF00710248 /* Assets.xcassets in Resources */,
			);
			runOnlyForDeploymentPostprocessing = 0;
		};
		1E2832CC2A6428BF00710248 /* Resources */ = {
			isa = PBXResourcesBuildPhase;
			buildActionMask = 2147483647;
			files = (
			);
			runOnlyForDeploymentPostprocessing = 0;
		};
		1E2832D62A6428BF00710248 /* Resources */ = {
			isa = PBXResourcesBuildPhase;
			buildActionMask = 2147483647;
			files = (
			);
			runOnlyForDeploymentPostprocessing = 0;
		};
/* End PBXResourcesBuildPhase section */

/* Begin PBXSourcesBuildPhase section */
		1E2832B52A6428BF00710248 /* Sources */ = {
			isa = PBXSourcesBuildPhase;
			buildActionMask = 2147483647;
			files = (
				1E2832C62A6428BF00710248 /* Persistence.swift in Sources */,
				1E2832BF2A6428BF00710248 /* ContentView.swift in Sources */,
				1E2832C92A6428BF00710248 /* apternity.xcdatamodeld in Sources */,
				1E2832BD2A6428BF00710248 /* apternityApp.swift in Sources */,
			);
			runOnlyForDeploymentPostprocessing = 0;
		};
		1E2832CA2A6428BF00710248 /* Sources */ = {
			isa = PBXSourcesBuildPhase;
			buildActionMask = 2147483647;
			files = (
				1E2832D32A6428BF00710248 /* apternityTests.swift in Sources */,
			);
			runOnlyForDeploymentPostprocessing = 0;
		};
		1E2832D42A6428BF00710248 /* Sources */ = {
			isa = PBXSourcesBuildPhase;
			buildActionMask = 2147483647;
			files = (
				1E2832DD2A6428BF00710248 /* apternityUITests.swift in Sources */,
				1E2832DF2A6428BF00710248 /* apternityUITestsLaunchTests.swift in Sources */,
			);
			runOnlyForDeploymentPostprocessing = 0;
		};
/* End PBXSourcesBuildPhase section */

/* Begin PBXTargetDependency section */
		1E2832D02A6428BF00710248 /* PBXTargetDependency */ = {
			isa = PBXTargetDependency;
			target = 1E2832B82A6428BF00710248 /* apternity */;
			targetProxy = 1E2832CF2A6428BF00710248 /* PBXContainerItemProxy */;
		};
		1E2832DA2A6428BF00710248 /* PBXTargetDependency */ = {
			isa = PBXTargetDependency;
			target = 1E2832B82A6428BF00710248 /* apternity */;
			targetProxy = 1E2832D92A6428BF00710248 /* PBXContainerItemProxy */;
		};
/* End PBXTargetDependency section */

/* Begin XCBuildConfiguration section */
		1E2832E02A6428BF00710248 /* Debug */ = {
			isa = XCBuildConfiguration;
			buildSettings = {
				ALWAYS_SEARCH_USER_PATHS = NO;
				CLANG_ANALYZER_NONNULL = YES;
				CLANG_ANALYZER_NUMBER_OBJECT_CONVERSION = YES_AGGRESSIVE;
				CLANG_CXX_LANGUAGE_STANDARD = "gnu++20";
				CLANG_ENABLE_MODULES = YES;
				CLANG_ENABLE_OBJC_ARC = YES;
				CLANG_ENABLE_OBJC_WEAK = YES;
				CLANG_WARN_BLOCK_CAPTURE_AUTORELEASING = YES;
				CLANG_WARN_BOOL_CONVERSION = YES;
				CLANG_WARN_COMMA = YES;
				CLANG_WARN_CONSTANT_CONVERSION = YES;
				CLANG_WARN_DEPRECATED_OBJC_IMPLEMENTATIONS = YES;
				CLANG_WARN_DIRECT_OBJC_ISA_USAGE = YES_ERROR;
				CLANG_WARN_DOCUMENTATION_COMMENTS = YES;
				CLANG_WARN_EMPTY_BODY = YES;
				CLANG_WARN_ENUM_CONVERSION = YES;
				CLANG_WARN_INFINITE_RECURSION = YES;
				CLANG_WARN_INT_CONVERSION = YES;
				CLANG_WARN_NON_LITERAL_NULL_CONVERSION = YES;
				CLANG_WARN_OBJC_IMPLICIT_RETAIN_SELF = YES;
				CLANG_WARN_OBJC_LITERAL_CONVERSION = YES;
				CLANG_WARN_OBJC_ROOT_CLASS = YES_ERROR;
				CLANG_WARN_QUOTED_INCLUDE_IN_FRAMEWORK_HEADER = YES;
				CLANG_WARN_RANGE_LOOP_ANALYSIS = YES;
				CLANG_WARN_STRICT_PROTOTYPES = YES;
				CLANG_WARN_SUSPICIOUS_MOVE = YES;
				CLANG_WARN_UNGUARDED_AVAILABILITY = YES_AGGRESSIVE;
				CLANG_WARN_UNREACHABLE_CODE = YES;
				CLANG_WARN__DUPLICATE_METHOD_MATCH = YES;
				COPY_PHASE_STRIP = NO;
				DEBUG_INFORMATION_FORMAT = dwarf;
				ENABLE_STRICT_OBJC_MSGSEND = YES;
				ENABLE_TESTABILITY = YES;
				GCC_C_LANGUAGE_STANDARD = gnu11;
				GCC_DYNAMIC_NO_PIC = NO;
				GCC_NO_COMMON_BLOCKS = YES;
				GCC_OPTIMIZATION_LEVEL = 0;
				GCC_PREPROCESSOR_DEFINITIONS = (
					"DEBUG=1",
					"$(inherited)",
				);
				GCC_WARN_64_TO_32_BIT_CONVERSION = YES;
				GCC_WARN_ABOUT_RETURN_TYPE = YES_ERROR;
				GCC_WARN_UNDECLARED_SELECTOR = YES;
				GCC_WARN_UNINITIALIZED_AUTOS = YES_AGGRESSIVE;
				GCC_WARN_UNUSED_FUNCTION = YES;
				GCC_WARN_UNUSED_VARIABLE = YES;
				IPHONEOS_DEPLOYMENT_TARGET = 16.2;
				MTL_ENABLE_DEBUG_INFO = INCLUDE_SOURCE;
				MTL_FAST_MATH = YES;
				ONLY_ACTIVE_ARCH = YES;
				SDKROOT = iphoneos;
				SWIFT_ACTIVE_COMPILATION_CONDITIONS = DEBUG;
				SWIFT_OPTIMIZATION_LEVEL = "-Onone";
			};
			name = Debug;
		};
		1E2832E12A6428BF00710248 /* Release */ = {
			isa = XCBuildConfiguration;
			buildSettings = {
				ALWAYS_SEARCH_USER_PATHS = NO;
				CLANG_ANALYZER_NONNULL = YES;
				CLANG_ANALYZER_NUMBER_OBJECT_CONVERSION = YES_AGGRESSIVE;
				CLANG_CXX_LANGUAGE_STANDARD = "gnu++20";
				CLANG_ENABLE_MODULES = YES;
				CLANG_ENABLE_OBJC_ARC = YES;
				CLANG_ENABLE_OBJC_WEAK = YES;
				CLANG_WARN_BLOCK_CAPTURE_AUTORELEASING = YES;
				CLANG_WARN_BOOL_CONVERSION = YES;
				CLANG_WARN_COMMA = YES;
				CLANG_WARN_CONSTANT_CONVERSION = YES;
				CLANG_WARN_DEPRECATED_OBJC_IMPLEMENTATIONS = YES;
				CLANG_WARN_DIRECT_OBJC_ISA_USAGE = YES_ERROR;
				CLANG_WARN_DOCUMENTATION_COMMENTS = YES;
				CLANG_WARN_EMPTY_BODY = YES;
				CLANG_WARN_ENUM_CONVERSION = YES;
				CLANG_WARN_INFINITE_RECURSION = YES;
				CLANG_WARN_INT_CONVERSION = YES;
				CLANG_WARN_NON_LITERAL_NULL_CONVERSION = YES;
				CLANG_WARN_OBJC_IMPLICIT_RETAIN_SELF = YES;
				CLANG_WARN_OBJC_LITERAL_CONVERSION = YES;
				CLANG_WARN_OBJC_ROOT_CLASS = YES_ERROR;
				CLANG_WARN_QUOTED_INCLUDE_IN_FRAMEWORK_HEADER = YES;
				CLANG_WARN_RANGE_LOOP_ANALYSIS = YES;
				CLANG_WARN_STRICT_PROTOTYPES = YES;
				CLANG_WARN_SUSPICIOUS_MOVE = YES;
				CLANG_WARN_UNGUARDED_AVAILABILITY = YES_AGGRESSIVE;
				CLANG_WARN_UNREACHABLE_CODE = YES;
				CLANG_WARN__DUPLICATE_METHOD_MATCH = YES;
				COPY_PHASE_STRIP = NO;
				DEBUG_INFORMATION_FORMAT = "dwarf-with-dsym";
				ENABLE_NS_ASSERTIONS = NO;
				ENABLE_STRICT_OBJC_MSGSEND = YES;
				GCC_C_LANGUAGE_STANDARD = gnu11;
				GCC_NO_COMMON_BLOCKS = YES;
				GCC_WARN_64_TO_32_BIT_CONVERSION = YES;
				GCC_WARN_ABOUT_RETURN_TYPE = YES_ERROR;
				GCC_WARN_UNDECLARED_SELECTOR = YES;
				GCC_WARN_UNINITIALIZED_AUTOS = YES_AGGRESSIVE;
				GCC_WARN_UNUSED_FUNCTION = YES;
				GCC_WARN_UNUSED_VARIABLE = YES;
				IPHONEOS_DEPLOYMENT_TARGET = 16.2;
				MTL_ENABLE_DEBUG_INFO = NO;
				MTL_FAST_MATH = YES;
				SDKROOT = iphoneos;
				SWIFT_COMPILATION_MODE = wholemodule;
				SWIFT_OPTIMIZATION_LEVEL = "-O";
				VALIDATE_PRODUCT = YES;
			};
			name = Release;
		};
		1E2832E32A6428BF00710248 /* Debug */ = {
			isa = XCBuildConfiguration;
			buildSettings = {
				ASSETCATALOG_COMPILER_APPICON_NAME = AppIcon;
				ASSETCATALOG_COMPILER_GLOBAL_ACCENT_COLOR_NAME = AccentColor;
				CODE_SIGN_STYLE = Automatic;
				CURRENT_PROJECT_VERSION = 1;
				DEVELOPMENT_ASSET_PATHS = "\"apternity/Preview Content\"";
				DEVELOPMENT_TEAM = 6QMV4WSRB3;
				ENABLE_PREVIEWS = YES;
				GENERATE_INFOPLIST_FILE = YES;
				INFOPLIST_KEY_UIApplicationSceneManifest_Generation = YES;
				INFOPLIST_KEY_UIApplicationSupportsIndirectInputEvents = YES;
				INFOPLIST_KEY_UILaunchScreen_Generation = YES;
				INFOPLIST_KEY_UISupportedInterfaceOrientations_iPad = "UIInterfaceOrientationPortrait UIInterfaceOrientationPortraitUpsideDown UIInterfaceOrientationLandscapeLeft UIInterfaceOrientationLandscapeRight";
				INFOPLIST_KEY_UISupportedInterfaceOrientations_iPhone = "UIInterfaceOrientationPortrait UIInterfaceOrientationLandscapeLeft UIInterfaceOrientationLandscapeRight";
				LD_RUNPATH_SEARCH_PATHS = (
					"$(inherited)",
					"@executable_path/Frameworks",
				);
				MARKETING_VERSION = 1.0;
				PRODUCT_BUNDLE_IDENTIFIER = alberto.lagos.apternity;
				PRODUCT_NAME = "$(TARGET_NAME)";
				SWIFT_EMIT_LOC_STRINGS = YES;
				SWIFT_VERSION = 5.0;
				TARGETED_DEVICE_FAMILY = "1,2";
			};
			name = Debug;
		};
		1E2832E42A6428BF00710248 /* Release */ = {
			isa = XCBuildConfiguration;
			buildSettings = {
				ASSETCATALOG_COMPILER_APPICON_NAME = AppIcon;
				ASSETCATALOG_COMPILER_GLOBAL_ACCENT_COLOR_NAME = AccentColor;
				CODE_SIGN_STYLE = Automatic;
				CURRENT_PROJECT_VERSION = 1;
				DEVELOPMENT_ASSET_PATHS = "\"apternity/Preview Content\"";
				DEVELOPMENT_TEAM = 6QMV4WSRB3;
				ENABLE_PREVIEWS = YES;
				GENERATE_INFOPLIST_FILE = YES;
				INFOPLIST_KEY_UIApplicationSceneManifest_Generation = YES;
				INFOPLIST_KEY_UIApplicationSupportsIndirectInputEvents = YES;
				INFOPLIST_KEY_UILaunchScreen_Generation = YES;
				INFOPLIST_KEY_UISupportedInterfaceOrientations_iPad = "UIInterfaceOrientationPortrait UIInterfaceOrientationPortraitUpsideDown UIInterfaceOrientationLandscapeLeft UIInterfaceOrientationLandscapeRight";
				INFOPLIST_KEY_UISupportedInterfaceOrientations_iPhone = "UIInterfaceOrientationPortrait UIInterfaceOrientationLandscapeLeft UIInterfaceOrientationLandscapeRight";
				LD_RUNPATH_SEARCH_PATHS = (
					"$(inherited)",
					"@executable_path/Frameworks",
				);
				MARKETING_VERSION = 1.0;
				PRODUCT_BUNDLE_IDENTIFIER = alberto.lagos.apternity;
				PRODUCT_NAME = "$(TARGET_NAME)";
				SWIFT_EMIT_LOC_STRINGS = YES;
				SWIFT_VERSION = 5.0;
				TARGETED_DEVICE_FAMILY = "1,2";
			};
			name = Release;
		};
		1E2832E62A6428BF00710248 /* Debug */ = {
			isa = XCBuildConfiguration;
			buildSettings = {
				ALWAYS_EMBED_SWIFT_STANDARD_LIBRARIES = YES;
				BUNDLE_LOADER = "$(TEST_HOST)";
				CODE_SIGN_STYLE = Automatic;
				CURRENT_PROJECT_VERSION = 1;
				DEVELOPMENT_TEAM = 6QMV4WSRB3;
				GENERATE_INFOPLIST_FILE = YES;
				IPHONEOS_DEPLOYMENT_TARGET = 16.2;
				MARKETING_VERSION = 1.0;
				PRODUCT_BUNDLE_IDENTIFIER = alberto.lagos.apternityTests;
				PRODUCT_NAME = "$(TARGET_NAME)";
				SWIFT_EMIT_LOC_STRINGS = NO;
				SWIFT_VERSION = 5.0;
				TARGETED_DEVICE_FAMILY = "1,2";
				TEST_HOST = "$(BUILT_PRODUCTS_DIR)/apternity.app/$(BUNDLE_EXECUTABLE_FOLDER_PATH)/apternity";
			};
			name = Debug;
		};
		1E2832E72A6428BF00710248 /* Release */ = {
			isa = XCBuildConfiguration;
			buildSettings = {
				ALWAYS_EMBED_SWIFT_STANDARD_LIBRARIES = YES;
				BUNDLE_LOADER = "$(TEST_HOST)";
				CODE_SIGN_STYLE = Automatic;
				CURRENT_PROJECT_VERSION = 1;
				DEVELOPMENT_TEAM = 6QMV4WSRB3;
				GENERATE_INFOPLIST_FILE = YES;
				IPHONEOS_DEPLOYMENT_TARGET = 16.2;
				MARKETING_VERSION = 1.0;
				PRODUCT_BUNDLE_IDENTIFIER = alberto.lagos.apternityTests;
				PRODUCT_NAME = "$(TARGET_NAME)";
				SWIFT_EMIT_LOC_STRINGS = NO;
				SWIFT_VERSION = 5.0;
				TARGETED_DEVICE_FAMILY = "1,2";
				TEST_HOST = "$(BUILT_PRODUCTS_DIR)/apternity.app/$(BUNDLE_EXECUTABLE_FOLDER_PATH)/apternity";
			};
			name = Release;
		};
		1E2832E92A6428BF00710248 /* Debug */ = {
			isa = XCBuildConfiguration;
			buildSettings = {
				ALWAYS_EMBED_SWIFT_STANDARD_LIBRARIES = YES;
				CODE_SIGN_STYLE = Automatic;
				CURRENT_PROJECT_VERSION = 1;
				DEVELOPMENT_TEAM = 6QMV4WSRB3;
				GENERATE_INFOPLIST_FILE = YES;
				MARKETING_VERSION = 1.0;
				PRODUCT_BUNDLE_IDENTIFIER = alberto.lagos.apternityUITests;
				PRODUCT_NAME = "$(TARGET_NAME)";
				SWIFT_EMIT_LOC_STRINGS = NO;
				SWIFT_VERSION = 5.0;
				TARGETED_DEVICE_FAMILY = "1,2";
				TEST_TARGET_NAME = apternity;
			};
			name = Debug;
		};
		1E2832EA2A6428BF00710248 /* Release */ = {
			isa = XCBuildConfiguration;
			buildSettings = {
				ALWAYS_EMBED_SWIFT_STANDARD_LIBRARIES = YES;
				CODE_SIGN_STYLE = Automatic;
				CURRENT_PROJECT_VERSION = 1;
				DEVELOPMENT_TEAM = 6QMV4WSRB3;
				GENERATE_INFOPLIST_FILE = YES;
				MARKETING_VERSION = 1.0;
				PRODUCT_BUNDLE_IDENTIFIER = alberto.lagos.apternityUITests;
				PRODUCT_NAME = "$(TARGET_NAME)";
				SWIFT_EMIT_LOC_STRINGS = NO;
				SWIFT_VERSION = 5.0;
				TARGETED_DEVICE_FAMILY = "1,2";
				TEST_TARGET_NAME = apternity;
			};
			name = Release;
		};
/* End XCBuildConfiguration section */

/* Begin XCConfigurationList section */
		1E2832B42A6428BE00710248 /* Build configuration list for PBXProject "apternity" */ = {
			isa = XCConfigurationList;
			buildConfigurations = (
				1E2832E02A6428BF00710248 /* Debug */,
				1E2832E12A6428BF00710248 /* Release */,
			);
			defaultConfigurationIsVisible = 0;
			defaultConfigurationName = Release;
		};
		1E2832E22A6428BF00710248 /* Build configuration list for PBXNativeTarget "apternity" */ = {
			isa = XCConfigurationList;
			buildConfigurations = (
				1E2832E32A6428BF00710248 /* Debug */,
				1E2832E42A6428BF00710248 /* Release */,
			);
			defaultConfigurationIsVisible = 0;
			defaultConfigurationName = Release;
		};
		1E2832E52A6428BF00710248 /* Build configuration list for PBXNativeTarget "apternityTests" */ = {
			isa = XCConfigurationList;
			buildConfigurations = (
				1E2832E62A6428BF00710248 /* Debug */,
				1E2832E72A6428BF00710248 /* Release */,
			);
			defaultConfigurationIsVisible = 0;
			defaultConfigurationName = Release;
		};
		1E2832E82A6428BF00710248 /* Build configuration list for PBXNativeTarget "apternityUITests" */ = {
			isa = XCConfigurationList;
			buildConfigurations = (
				1E2832E92A6428BF00710248 /* Debug */,
				1E2832EA2A6428BF00710248 /* Release */,
			);
			defaultConfigurationIsVisible = 0;
			defaultConfigurationName = Release;
		};
/* End XCConfigurationList section */

/* Begin XCVersionGroup section */
		1E2832C72A6428BF00710248 /* apternity.xcdatamodeld */ = {
			isa = XCVersionGroup;
			children = (
				1E2832C82A6428BF00710248 /* apternity.xcdatamodel */,
			);
			currentVersion = 1E2832C82A6428BF00710248 /* apternity.xcdatamodel */;
			path = apternity.xcdatamodeld;
			sourceTree = "<group>";
			versionGroupType = wrapper.xcdatamodel;
		};
/* End XCVersionGroup section */
	};
	rootObject = 1E2832B12A6428BE00710248 /* Project object */;
}
